
Microsoft Visual Studio Solution File, Format Version 12.00
# Visual Studio Version 17
VisualStudioVersion = 17.10.35122.118
MinimumVisualStudioVersion = 10.0.40219.1
Project("{FAE04EC0-301F-11D3-BF4B-00C04F79EFBC}") = "MyPortfolyo", "MyPortfolyo\MyPortfolyo.csproj", "{9F1CCF64-B7E7-41D3-A52B-8EF2768EB2DE}"
EndProject
Global
	GlobalSection(SolutionConfigurationPlatforms) = preSolution
		Debug|Any CPU = Debug|Any CPU
		Release|Any CPU = Release|Any CPU
	EndGlobalSection
	GlobalSection(ProjectConfigurationPlatforms) = postSolution
		{9F1CCF64-B7E7-41D3-A52B-8EF2768EB2DE}.Debug|Any CPU.ActiveCfg = Debug|Any CPU
		{9F1CCF64-B7E7-41D3-A52B-8EF2768EB2DE}.Debug|Any CPU.Build.0 = Debug|Any CPU
		{9F1CCF64-B7E7-41D3-A52B-8EF2768EB2DE}.Release|Any CPU.ActiveCfg = Release|Any CPU
		{9F1CCF64-B7E7-41D3-A52B-8EF2768EB2DE}.Release|Any CPU.Build.0 = Release|Any CPU
	EndGlobalSection
	GlobalSection(SolutionProperties) = preSolution
		HideSolutionNode = FALSE
	EndGlobalSection
	GlobalSection(ExtensibilityGlobals) = postSolution
		SolutionGuid = {EA015191-C7A8-4051-8A1F-A00F0F76BC68}
	EndGlobalSection
EndGlobal
